
Microsoft Visual Studio Solution File, Format Version 12.00
# Visual Studio Version 17
VisualStudioVersion = 17.5.002.0
MinimumVisualStudioVersion = 10.0.40219.1
Project("{9A19103F-16F7-4668-BE54-9A1E7A4F7556}") = "Backend.Application", "Backend.Application\Backend.Application.csproj", "{18953254-70F2-4318-B26A-E740F847F84D}"
EndProject
Project("{9A19103F-16F7-4668-BE54-9A1E7A4F7556}") = "Backend.Api", "Backend.Api\Backend.Api.csproj", "{6B289CC4-02A5-439D-BA21-6945C9001A1F}"
EndProject
Project("{9A19103F-16F7-4668-BE54-9A1E7A4F7556}") = "Backend.Infrastructure", "Backend.Infrastructure\Backend.Infrastructure.csproj", "{9FFD5C4E-EC34-4EC7-BF83-C161F14DBB97}"
EndProject
Project("{9A19103F-16F7-4668-BE54-9A1E7A4F7556}") = "Backend.Application.Test", "Backend.Application.Test\Backend.Application.Test.csproj", "{27F34DF2-9C0A-431A-B15E-89B50B70B247}"
EndProject
Project("{9A19103F-16F7-4668-BE54-9A1E7A4F7556}") = "Backend.Api.Tests", "Backend.Api.Tests\Backend.Api.Tests.csproj", "{36B07025-5BF1-48DC-9D08-5879A8ABF40D}"
EndProject
Project("{9A19103F-16F7-4668-BE54-9A1E7A4F7556}") = "Backend.Domain", "Backend.Domain\Backend.Domain.csproj", "{93F35850-9360-4E67-BE77-4CE4C5169DBB}"
EndProject
Global
	GlobalSection(SolutionConfigurationPlatforms) = preSolution
		Debug|Any CPU = Debug|Any CPU
		Release|Any CPU = Release|Any CPU
	EndGlobalSection
	GlobalSection(ProjectConfigurationPlatforms) = postSolution
		{18953254-70F2-4318-B26A-E740F847F84D}.Debug|Any CPU.ActiveCfg = Debug|Any CPU
		{18953254-70F2-4318-B26A-E740F847F84D}.Debug|Any CPU.Build.0 = Debug|Any CPU
		{18953254-70F2-4318-B26A-E740F847F84D}.Release|Any CPU.ActiveCfg = Release|Any CPU
		{18953254-70F2-4318-B26A-E740F847F84D}.Release|Any CPU.Build.0 = Release|Any CPU
		{6B289CC4-02A5-439D-BA21-6945C9001A1F}.Debug|Any CPU.ActiveCfg = Debug|Any CPU
		{6B289CC4-02A5-439D-BA21-6945C9001A1F}.Debug|Any CPU.Build.0 = Debug|Any CPU
		{6B289CC4-02A5-439D-BA21-6945C9001A1F}.Release|Any CPU.ActiveCfg = Release|Any CPU
		{6B289CC4-02A5-439D-BA21-6945C9001A1F}.Release|Any CPU.Build.0 = Release|Any CPU
		{9FFD5C4E-EC34-4EC7-BF83-C161F14DBB97}.Debug|Any CPU.ActiveCfg = Debug|Any CPU
		{9FFD5C4E-EC34-4EC7-BF83-C161F14DBB97}.Debug|Any CPU.Build.0 = Debug|Any CPU
		{9FFD5C4E-EC34-4EC7-BF83-C161F14DBB97}.Release|Any CPU.ActiveCfg = Release|Any CPU
		{9FFD5C4E-EC34-4EC7-BF83-C161F14DBB97}.Release|Any CPU.Build.0 = Release|Any CPU
		{27F34DF2-9C0A-431A-B15E-89B50B70B247}.Debug|Any CPU.ActiveCfg = Debug|Any CPU
		{27F34DF2-9C0A-431A-B15E-89B50B70B247}.Debug|Any CPU.Build.0 = Debug|Any CPU
		{27F34DF2-9C0A-431A-B15E-89B50B70B247}.Release|Any CPU.ActiveCfg = Release|Any CPU
		{27F34DF2-9C0A-431A-B15E-89B50B70B247}.Release|Any CPU.Build.0 = Release|Any CPU
		{36B07025-5BF1-48DC-9D08-5879A8ABF40D}.Debug|Any CPU.ActiveCfg = Debug|Any CPU
		{36B07025-5BF1-48DC-9D08-5879A8ABF40D}.Debug|Any CPU.Build.0 = Debug|Any CPU
		{36B07025-5BF1-48DC-9D08-5879A8ABF40D}.Release|Any CPU.ActiveCfg = Release|Any CPU
		{36B07025-5BF1-48DC-9D08-5879A8ABF40D}.Release|Any CPU.Build.0 = Release|Any CPU
		{93F35850-9360-4E67-BE77-4CE4C5169DBB}.Debug|Any CPU.ActiveCfg = Debug|Any CPU
		{93F35850-9360-4E67-BE77-4CE4C5169DBB}.Debug|Any CPU.Build.0 = Debug|Any CPU
		{93F35850-9360-4E67-BE77-4CE4C5169DBB}.Release|Any CPU.ActiveCfg = Release|Any CPU
		{93F35850-9360-4E67-BE77-4CE4C5169DBB}.Release|Any CPU.Build.0 = Release|Any CPU
	EndGlobalSection
	GlobalSection(SolutionProperties) = preSolution
		HideSolutionNode = FALSE
	EndGlobalSection
	GlobalSection(ExtensibilityGlobals) = postSolution
		SolutionGuid = {67613F34-BE25-4461-B37F-C1C4E5528613}
	EndGlobalSection
EndGlobal
